// !$*UTF8*$!
{
	archiveVersion = 1;
	classes = {
	};
	objectVersion = 50;
	objects = {

/* Begin PBXBuildFile section */
		447986E82292E1BB00B87375 /* AccessData.swift in Sources */ = {isa = PBXBuildFile; fileRef = 447986E72292E1BB00B87375 /* AccessData.swift */; };
		447986EA2292E1D700B87375 /* MyNetwork.swift in Sources */ = {isa = PBXBuildFile; fileRef = 447986E92292E1D700B87375 /* MyNetwork.swift */; };
		447986EC2292E22100B87375 /* HomeMovie.swift in Sources */ = {isa = PBXBuildFile; fileRef = 447986EB2292E22100B87375 /* HomeMovie.swift */; };
		447986F22292E90E00B87375 /* DetailsPresenter.swift in Sources */ = {isa = PBXBuildFile; fileRef = 447986F12292E90E00B87375 /* DetailsPresenter.swift */; };
		447986F52292E93C00B87375 /* DetailsDelegate.swift in Sources */ = {isa = PBXBuildFile; fileRef = 447986F42292E93B00B87375 /* DetailsDelegate.swift */; };
		9E9AF268228C561600749A5B /* 2.jpg in Resources */ = {isa = PBXBuildFile; fileRef = 9E9AF267228C561600749A5B /* 2.jpg */; };
		BA04F8F122914389009A4EAB /* HomeCollectionViewCell.swift in Sources */ = {isa = PBXBuildFile; fileRef = BA04F8F022914389009A4EAB /* HomeCollectionViewCell.swift */; };
		BA04F8FE22914E8C009A4EAB /* FavoriteDelegate.swift in Sources */ = {isa = PBXBuildFile; fileRef = BA04F8FD22914E8C009A4EAB /* FavoriteDelegate.swift */; };
		BA04F90022914EC7009A4EAB /* FavoritePresenter.swift in Sources */ = {isa = PBXBuildFile; fileRef = BA04F8FF22914EC7009A4EAB /* FavoritePresenter.swift */; };
		BA04F90222914F98009A4EAB /* FavoriteCollectionViewController_ExtensionDelegate.swift in Sources */ = {isa = PBXBuildFile; fileRef = BA04F90122914F98009A4EAB /* FavoriteCollectionViewController_ExtensionDelegate.swift */; };
		BA04F90422914FF1009A4EAB /* FavoriteCollectionViewCell.swift in Sources */ = {isa = PBXBuildFile; fileRef = BA04F90322914FF1009A4EAB /* FavoriteCollectionViewCell.swift */; };
		BA04F908229167F2009A4EAB /* HomePresenterDelegete.swift in Sources */ = {isa = PBXBuildFile; fileRef = BA04F907229167F2009A4EAB /* HomePresenterDelegete.swift */; };
		BA0C1BAE2291A69A00D3381B /* trailer.png in Resources */ = {isa = PBXBuildFile; fileRef = BA0C1BAD2291A69800D3381B /* trailer.png */; };
		BA0C1BB02291A7A300D3381B /* review.jpg in Resources */ = {isa = PBXBuildFile; fileRef = BA0C1BAF2291A7A100D3381B /* review.jpg */; };
		BA4848412290B684003F286E /* placeholder.png in Resources */ = {isa = PBXBuildFile; fileRef = BA4848402290B683003F286E /* placeholder.png */; };
		BA5154BC2290401400420DC1 /* HomePresenter.swift in Sources */ = {isa = PBXBuildFile; fileRef = BA5154BB2290401400420DC1 /* HomePresenter.swift */; };
		BA5154BE2290406000420DC1 /* HomeDelegate.swift in Sources */ = {isa = PBXBuildFile; fileRef = BA5154BD2290406000420DC1 /* HomeDelegate.swift */; };
		BA5154C02290433400420DC1 /* HomeCollectionViewController_ExtensionDelegate.swift in Sources */ = {isa = PBXBuildFile; fileRef = BA5154BF2290433400420DC1 /* HomeCollectionViewController_ExtensionDelegate.swift */; };
		BA537BE322928FDF00660B94 /* MyLaunchViewController.swift in Sources */ = {isa = PBXBuildFile; fileRef = BA537BE222928FDF00660B94 /* MyLaunchViewController.swift */; };
		BA7461E422942CF200651671 /* ReviewTableViewCell.swift in Sources */ = {isa = PBXBuildFile; fileRef = BA7461E322942CF200651671 /* ReviewTableViewCell.swift */; };
		BA857DF2228990E90031AA0B /* AppDelegate.swift in Sources */ = {isa = PBXBuildFile; fileRef = BA857DF1228990E90031AA0B /* AppDelegate.swift */; };
		BA857DF4228990E90031AA0B /* DetailsViewController.swift in Sources */ = {isa = PBXBuildFile; fileRef = BA857DF3228990E90031AA0B /* DetailsViewController.swift */; };
		BA857DFA228990E90031AA0B /* MoviesApp_IOS.xcdatamodeld in Sources */ = {isa = PBXBuildFile; fileRef = BA857DF8228990E90031AA0B /* MoviesApp_IOS.xcdatamodeld */; };
		BA857DFC228990F20031AA0B /* Assets.xcassets in Resources */ = {isa = PBXBuildFile; fileRef = BA857DFB228990F20031AA0B /* Assets.xcassets */; };
		BA857DFF228990F20031AA0B /* LaunchScreen.storyboard in Resources */ = {isa = PBXBuildFile; fileRef = BA857DFD228990F20031AA0B /* LaunchScreen.storyboard */; };
		BA857E0C228992730031AA0B /* Main.storyboard in Resources */ = {isa = PBXBuildFile; fileRef = BA857E0A228992730031AA0B /* Main.storyboard */; };
		BA857E12228995DE0031AA0B /* HomeCollectionViewController.swift in Sources */ = {isa = PBXBuildFile; fileRef = BA857E11228995DE0031AA0B /* HomeCollectionViewController.swift */; };
		BA857E14228995F70031AA0B /* FavoriteCollectionViewController.swift in Sources */ = {isa = PBXBuildFile; fileRef = BA857E13228995F70031AA0B /* FavoriteCollectionViewController.swift */; };
		BAEFEA58229305270092A078 /* (null) in Sources */ = {isa = PBXBuildFile; };
/* End PBXBuildFile section */

/* Begin PBXFileReference section */
		11F69F3F52F26DB726E99C69 /* Pods_MoviesApp_IOS.framework */ = {isa = PBXFileReference; explicitFileType = wrapper.framework; includeInIndex = 0; path = Pods_MoviesApp_IOS.framework; sourceTree = BUILT_PRODUCTS_DIR; };
		447986E72292E1BB00B87375 /* AccessData.swift */ = {isa = PBXFileReference; fileEncoding = 4; lastKnownFileType = sourcecode.swift; path = AccessData.swift; sourceTree = "<group>"; };
		447986E92292E1D700B87375 /* MyNetwork.swift */ = {isa = PBXFileReference; fileEncoding = 4; lastKnownFileType = sourcecode.swift; path = MyNetwork.swift; sourceTree = "<group>"; };
		447986EB2292E22100B87375 /* HomeMovie.swift */ = {isa = PBXFileReference; fileEncoding = 4; lastKnownFileType = sourcecode.swift; path = HomeMovie.swift; sourceTree = "<group>"; };
		447986F12292E90E00B87375 /* DetailsPresenter.swift */ = {isa = PBXFileReference; lastKnownFileType = sourcecode.swift; path = DetailsPresenter.swift; sourceTree = "<group>"; };
		447986F42292E93B00B87375 /* DetailsDelegate.swift */ = {isa = PBXFileReference; lastKnownFileType = sourcecode.swift; path = DetailsDelegate.swift; sourceTree = "<group>"; };
		9E9AF267228C561600749A5B /* 2.jpg */ = {isa = PBXFileReference; lastKnownFileType = image.jpeg; path = 2.jpg; sourceTree = "<group>"; };
		BA04F8F022914389009A4EAB /* HomeCollectionViewCell.swift */ = {isa = PBXFileReference; lastKnownFileType = sourcecode.swift; path = HomeCollectionViewCell.swift; sourceTree = "<group>"; };
		BA04F8FD22914E8C009A4EAB /* FavoriteDelegate.swift */ = {isa = PBXFileReference; lastKnownFileType = sourcecode.swift; path = FavoriteDelegate.swift; sourceTree = "<group>"; };
		BA04F8FF22914EC7009A4EAB /* FavoritePresenter.swift */ = {isa = PBXFileReference; lastKnownFileType = sourcecode.swift; path = FavoritePresenter.swift; sourceTree = "<group>"; };
		BA04F90122914F98009A4EAB /* FavoriteCollectionViewController_ExtensionDelegate.swift */ = {isa = PBXFileReference; lastKnownFileType = sourcecode.swift; path = FavoriteCollectionViewController_ExtensionDelegate.swift; sourceTree = "<group>"; };
		BA04F90322914FF1009A4EAB /* FavoriteCollectionViewCell.swift */ = {isa = PBXFileReference; lastKnownFileType = sourcecode.swift; path = FavoriteCollectionViewCell.swift; sourceTree = "<group>"; };
		BA04F907229167F2009A4EAB /* HomePresenterDelegete.swift */ = {isa = PBXFileReference; lastKnownFileType = sourcecode.swift; path = HomePresenterDelegete.swift; sourceTree = "<group>"; };
		BA0C1BAD2291A69800D3381B /* trailer.png */ = {isa = PBXFileReference; lastKnownFileType = image.png; path = trailer.png; sourceTree = "<group>"; };
		BA0C1BAF2291A7A100D3381B /* review.jpg */ = {isa = PBXFileReference; lastKnownFileType = image.jpeg; path = review.jpg; sourceTree = "<group>"; };
		BA4848402290B683003F286E /* placeholder.png */ = {isa = PBXFileReference; lastKnownFileType = image.png; path = placeholder.png; sourceTree = "<group>"; };
		BA5154BB2290401400420DC1 /* HomePresenter.swift */ = {isa = PBXFileReference; lastKnownFileType = sourcecode.swift; path = HomePresenter.swift; sourceTree = "<group>"; };
		BA5154BD2290406000420DC1 /* HomeDelegate.swift */ = {isa = PBXFileReference; lastKnownFileType = sourcecode.swift; path = HomeDelegate.swift; sourceTree = "<group>"; };
		BA5154BF2290433400420DC1 /* HomeCollectionViewController_ExtensionDelegate.swift */ = {isa = PBXFileReference; lastKnownFileType = sourcecode.swift; path = HomeCollectionViewController_ExtensionDelegate.swift; sourceTree = "<group>"; };
		BA537BE222928FDF00660B94 /* MyLaunchViewController.swift */ = {isa = PBXFileReference; lastKnownFileType = sourcecode.swift; path = MyLaunchViewController.swift; sourceTree = "<group>"; };
		BA7461E322942CF200651671 /* ReviewTableViewCell.swift */ = {isa = PBXFileReference; fileEncoding = 4; lastKnownFileType = sourcecode.swift; name = ReviewTableViewCell.swift; path = ../../../../../../releas/4/MoviesApp_IOS/MoviesApp_IOS/Screens/Details/View/ReviewTableViewCell.swift; sourceTree = "<group>"; };
		BA857DEE228990E90031AA0B /* MoviesApp_IOS.app */ = {isa = PBXFileReference; explicitFileType = wrapper.application; includeInIndex = 0; path = MoviesApp_IOS.app; sourceTree = BUILT_PRODUCTS_DIR; };
		BA857DF1228990E90031AA0B /* AppDelegate.swift */ = {isa = PBXFileReference; lastKnownFileType = sourcecode.swift; path = AppDelegate.swift; sourceTree = "<group>"; };
		BA857DF3228990E90031AA0B /* DetailsViewController.swift */ = {isa = PBXFileReference; lastKnownFileType = sourcecode.swift; path = DetailsViewController.swift; sourceTree = "<group>"; };
		BA857DF9228990E90031AA0B /* MoviesApp_IOS.xcdatamodel */ = {isa = PBXFileReference; lastKnownFileType = wrapper.xcdatamodel; path = MoviesApp_IOS.xcdatamodel; sourceTree = "<group>"; };
		BA857DFB228990F20031AA0B /* Assets.xcassets */ = {isa = PBXFileReference; lastKnownFileType = folder.assetcatalog; path = Assets.xcassets; sourceTree = "<group>"; };
		BA857DFE228990F20031AA0B /* Base */ = {isa = PBXFileReference; lastKnownFileType = file.storyboard; name = Base; path = Base.lproj/LaunchScreen.storyboard; sourceTree = "<group>"; };
		BA857E00228990F20031AA0B /* Info.plist */ = {isa = PBXFileReference; lastKnownFileType = text.plist.xml; path = Info.plist; sourceTree = "<group>"; };
		BA857E0B228992730031AA0B /* Base */ = {isa = PBXFileReference; lastKnownFileType = file.storyboard; name = Base; path = Base.lproj/Main.storyboard; sourceTree = "<group>"; };
		BA857E11228995DE0031AA0B /* HomeCollectionViewController.swift */ = {isa = PBXFileReference; lastKnownFileType = sourcecode.swift; path = HomeCollectionViewController.swift; sourceTree = "<group>"; };
		BA857E13228995F70031AA0B /* FavoriteCollectionViewController.swift */ = {isa = PBXFileReference; lastKnownFileType = sourcecode.swift; path = FavoriteCollectionViewController.swift; sourceTree = "<group>"; };
		D974146482025F95EF096287 /* Pods-MoviesApp_IOS.release.xcconfig */ = {isa = PBXFileReference; includeInIndex = 1; lastKnownFileType = text.xcconfig; name = "Pods-MoviesApp_IOS.release.xcconfig"; path = "Target Support Files/Pods-MoviesApp_IOS/Pods-MoviesApp_IOS.release.xcconfig"; sourceTree = "<group>"; };
		DF150A76BF21482771285A26 /* Pods-MoviesApp_IOS.debug.xcconfig */ = {isa = PBXFileReference; includeInIndex = 1; lastKnownFileType = text.xcconfig; name = "Pods-MoviesApp_IOS.debug.xcconfig"; path = "Target Support Files/Pods-MoviesApp_IOS/Pods-MoviesApp_IOS.debug.xcconfig"; sourceTree = "<group>"; };
/* End PBXFileReference section */

/* Begin PBXFrameworksBuildPhase section */
		BA857DEB228990E90031AA0B /* Frameworks */ = {
			isa = PBXFrameworksBuildPhase;
			buildActionMask = 2147483647;
			files = (
			);
			runOnlyForDeploymentPostprocessing = 0;
		};
/* End PBXFrameworksBuildPhase section */

/* Begin PBXGroup section */
		0D605FD31711FA7CF78E1D70 /* Frameworks */ = {
			isa = PBXGroup;
			children = (
				11F69F3F52F26DB726E99C69 /* Pods_MoviesApp_IOS.framework */,
			);
			name = Frameworks;
			sourceTree = "<group>";
		};
		447986F32292E91800B87375 /* Presenter */ = {
			isa = PBXGroup;
			children = (
				447986F12292E90E00B87375 /* DetailsPresenter.swift */,
			);
			path = Presenter;
			sourceTree = "<group>";
		};
		447986F62292E94600B87375 /* Protocols */ = {
			isa = PBXGroup;
			children = (
				447986F42292E93B00B87375 /* DetailsDelegate.swift */,
			);
			name = Protocols;
			path = "New Group";
			sourceTree = "<group>";
		};
		AB98C767627F79B27E82781F /* Pods */ = {
			isa = PBXGroup;
			children = (
				DF150A76BF21482771285A26 /* Pods-MoviesApp_IOS.debug.xcconfig */,
				D974146482025F95EF096287 /* Pods-MoviesApp_IOS.release.xcconfig */,
			);
			path = Pods;
			sourceTree = "<group>";
		};
		BA04F8F222914996009A4EAB /* Favorite */ = {
			isa = PBXGroup;
			children = (
				BA04F8F3229149BC009A4EAB /* Protocols */,
				BA04F8F4229149E0009A4EAB /* view */,
				BA04F8F5229149EF009A4EAB /* Presenter */,
			);
			path = Favorite;
			sourceTree = "<group>";
		};
		BA04F8F3229149BC009A4EAB /* Protocols */ = {
			isa = PBXGroup;
			children = (
				BA04F8FD22914E8C009A4EAB /* FavoriteDelegate.swift */,
			);
			path = Protocols;
			sourceTree = "<group>";
		};
		BA04F8F4229149E0009A4EAB /* view */ = {
			isa = PBXGroup;
			children = (
				BA857E13228995F70031AA0B /* FavoriteCollectionViewController.swift */,
				BA04F90122914F98009A4EAB /* FavoriteCollectionViewController_ExtensionDelegate.swift */,
				BA04F90322914FF1009A4EAB /* FavoriteCollectionViewCell.swift */,
			);
			path = view;
			sourceTree = "<group>";
		};
		BA04F8F5229149EF009A4EAB /* Presenter */ = {
			isa = PBXGroup;
			children = (
				BA04F8FF22914EC7009A4EAB /* FavoritePresenter.swift */,
			);
			path = Presenter;
			sourceTree = "<group>";
		};
		BA04F8F622914A8F009A4EAB /* Model */ = {
			isa = PBXGroup;
			children = (
				447986EB2292E22100B87375 /* HomeMovie.swift */,
			);
			path = Model;
			sourceTree = "<group>";
		};
		BA04F905229151A2009A4EAB /* Details */ = {
			isa = PBXGroup;
			children = (
				447986F62292E94600B87375 /* Protocols */,
				447986F32292E91800B87375 /* Presenter */,
				BA04F906229151B2009A4EAB /* View */,
			);
			path = Details;
			sourceTree = "<group>";
		};
		BA04F906229151B2009A4EAB /* View */ = {
			isa = PBXGroup;
			children = (
				BA857DF3228990E90031AA0B /* DetailsViewController.swift */,
				BA7461E322942CF200651671 /* ReviewTableViewCell.swift */,
			);
			path = View;
			sourceTree = "<group>";
		};
		BA5154B422903D8800420DC1 /* Services */ = {
			isa = PBXGroup;
			children = (
				BA5154C32290845C00420DC1 /* DataAccess */,
				BA5154B522903DB400420DC1 /* Networking */,
			);
			path = Services;
			sourceTree = "<group>";
		};
		BA5154B522903DB400420DC1 /* Networking */ = {
			isa = PBXGroup;
			children = (
				447986E92292E1D700B87375 /* MyNetwork.swift */,
			);
			path = Networking;
			sourceTree = "<group>";
		};
		BA5154B622903DD100420DC1 /* Screens */ = {
			isa = PBXGroup;
			children = (
				BA537BDE22928EC100660B94 /* LaunchScreen */,
				BA04F905229151A2009A4EAB /* Details */,
				BA04F8F222914996009A4EAB /* Favorite */,
				BA5154B722903DF400420DC1 /* Home */,
			);
			path = Screens;
			sourceTree = "<group>";
		};
		BA5154B722903DF400420DC1 /* Home */ = {
			isa = PBXGroup;
			children = (
				BA5154B822903E2000420DC1 /* Protocols */,
				BA5154B922903E2F00420DC1 /* View */,
				BA5154BA22903E5000420DC1 /* Presenter */,
			);
			path = Home;
			sourceTree = "<group>";
		};
		BA5154B822903E2000420DC1 /* Protocols */ = {
			isa = PBXGroup;
			children = (
				BA5154BD2290406000420DC1 /* HomeDelegate.swift */,
				BA04F907229167F2009A4EAB /* HomePresenterDelegete.swift */,
			);
			path = Protocols;
			sourceTree = "<group>";
		};
		BA5154B922903E2F00420DC1 /* View */ = {
			isa = PBXGroup;
			children = (
				BA857E11228995DE0031AA0B /* HomeCollectionViewController.swift */,
				BA5154BF2290433400420DC1 /* HomeCollectionViewController_ExtensionDelegate.swift */,
				BA04F8F022914389009A4EAB /* HomeCollectionViewCell.swift */,
			);
			path = View;
			sourceTree = "<group>";
		};
		BA5154BA22903E5000420DC1 /* Presenter */ = {
			isa = PBXGroup;
			children = (
				BA5154BB2290401400420DC1 /* HomePresenter.swift */,
			);
			path = Presenter;
			sourceTree = "<group>";
		};
		BA5154C32290845C00420DC1 /* DataAccess */ = {
			isa = PBXGroup;
			children = (
				447986E72292E1BB00B87375 /* AccessData.swift */,
			);
			path = DataAccess;
			sourceTree = "<group>";
		};
		BA537BDE22928EC100660B94 /* LaunchScreen */ = {
			isa = PBXGroup;
			children = (
				BA537BDF22928EE500660B94 /* View */,
			);
			path = LaunchScreen;
			sourceTree = "<group>";
		};
		BA537BDF22928EE500660B94 /* View */ = {
			isa = PBXGroup;
			children = (
				BA537BE222928FDF00660B94 /* MyLaunchViewController.swift */,
			);
			path = View;
			sourceTree = "<group>";
		};
		BA857DE5228990E90031AA0B = {
			isa = PBXGroup;
			children = (
				BA857DF0228990E90031AA0B /* MoviesApp_IOS */,
				BA857DEF228990E90031AA0B /* Products */,
				AB98C767627F79B27E82781F /* Pods */,
				0D605FD31711FA7CF78E1D70 /* Frameworks */,
			);
			sourceTree = "<group>";
		};
		BA857DEF228990E90031AA0B /* Products */ = {
			isa = PBXGroup;
			children = (
				BA857DEE228990E90031AA0B /* MoviesApp_IOS.app */,
			);
			name = Products;
			sourceTree = "<group>";
		};
		BA857DF0228990E90031AA0B /* MoviesApp_IOS */ = {
			isa = PBXGroup;
			children = (
				BA4848402290B683003F286E /* placeholder.png */,
				BA0C1BAD2291A69800D3381B /* trailer.png */,
				BA0C1BAF2291A7A100D3381B /* review.jpg */,
				BA857E0A228992730031AA0B /* Main.storyboard */,
				BA857DFD228990F20031AA0B /* LaunchScreen.storyboard */,
				BA04F8F622914A8F009A4EAB /* Model */,
				BA5154B422903D8800420DC1 /* Services */,
				BA5154B622903DD100420DC1 /* Screens */,
				9E9AF267228C561600749A5B /* 2.jpg */,
				BA857DF8228990E90031AA0B /* MoviesApp_IOS.xcdatamodeld */,
				BA857DF1228990E90031AA0B /* AppDelegate.swift */,
				BA857DFB228990F20031AA0B /* Assets.xcassets */,
				BA857E00228990F20031AA0B /* Info.plist */,
			);
			path = MoviesApp_IOS;
			sourceTree = "<group>";
		};
/* End PBXGroup section */

/* Begin PBXNativeTarget section */
		BA857DED228990E90031AA0B /* MoviesApp_IOS */ = {
			isa = PBXNativeTarget;
			buildConfigurationList = BA857E03228990F20031AA0B /* Build configuration list for PBXNativeTarget "MoviesApp_IOS" */;
			buildPhases = (
				755D69964FD32C85C44AA1EE /* [CP] Check Pods Manifest.lock */,
				BA857DEA228990E90031AA0B /* Sources */,
				BA857DEB228990E90031AA0B /* Frameworks */,
				BA857DEC228990E90031AA0B /* Resources */,
				C42C4DF8EC123DF4584F8E07 /* [CP] Embed Pods Frameworks */,
			);
			buildRules = (
			);
			dependencies = (
			);
			name = MoviesApp_IOS;
			productName = MoviesApp_IOS;
			productReference = BA857DEE228990E90031AA0B /* MoviesApp_IOS.app */;
			productType = "com.apple.product-type.application";
		};
/* End PBXNativeTarget section */

/* Begin PBXProject section */
		BA857DE6228990E90031AA0B /* Project object */ = {
			isa = PBXProject;
			attributes = {
				LastSwiftUpdateCheck = 0930;
				LastUpgradeCheck = 0930;
				ORGANIZATIONNAME = iti;
				TargetAttributes = {
					BA857DED228990E90031AA0B = {
						CreatedOnToolsVersion = 9.3;
					};
				};
			};
			buildConfigurationList = BA857DE9228990E90031AA0B /* Build configuration list for PBXProject "MoviesApp_IOS" */;
			compatibilityVersion = "Xcode 9.3";
			developmentRegion = en;
			hasScannedForEncodings = 0;
			knownRegions = (
				en,
				Base,
			);
			mainGroup = BA857DE5228990E90031AA0B;
			productRefGroup = BA857DEF228990E90031AA0B /* Products */;
			projectDirPath = "";
			projectRoot = "";
			targets = (
				BA857DED228990E90031AA0B /* MoviesApp_IOS */,
			);
		};
/* End PBXProject section */

/* Begin PBXResourcesBuildPhase section */
		BA857DEC228990E90031AA0B /* Resources */ = {
			isa = PBXResourcesBuildPhase;
			buildActionMask = 2147483647;
			files = (
				BA857E0C228992730031AA0B /* Main.storyboard in Resources */,
				BA857DFF228990F20031AA0B /* LaunchScreen.storyboard in Resources */,
				9E9AF268228C561600749A5B /* 2.jpg in Resources */,
				BA0C1BB02291A7A300D3381B /* review.jpg in Resources */,
				BA4848412290B684003F286E /* placeholder.png in Resources */,
				BA857DFC228990F20031AA0B /* Assets.xcassets in Resources */,
				BA0C1BAE2291A69A00D3381B /* trailer.png in Resources */,
			);
			runOnlyForDeploymentPostprocessing = 0;
		};
/* End PBXResourcesBuildPhase section */

/* Begin PBXShellScriptBuildPhase section */
		755D69964FD32C85C44AA1EE /* [CP] Check Pods Manifest.lock */ = {
			isa = PBXShellScriptBuildPhase;
			buildActionMask = 2147483647;
			files = (
			);
			inputPaths = (
				"${PODS_PODFILE_DIR_PATH}/Podfile.lock",
				"${PODS_ROOT}/Manifest.lock",
			);
			name = "[CP] Check Pods Manifest.lock";
			outputPaths = (
				"$(DERIVED_FILE_DIR)/Pods-MoviesApp_IOS-checkManifestLockResult.txt",
			);
			runOnlyForDeploymentPostprocessing = 0;
			shellPath = /bin/sh;
			shellScript = "diff \"${PODS_PODFILE_DIR_PATH}/Podfile.lock\" \"${PODS_ROOT}/Manifest.lock\" > /dev/null\nif [ $? != 0 ] ; then\n    # print error to STDERR\n    echo \"error: The sandbox is not in sync with the Podfile.lock. Run 'pod install' or update your CocoaPods installation.\" >&2\n    exit 1\nfi\n# This output is used by Xcode 'outputs' to avoid re-running this script phase.\necho \"SUCCESS\" > \"${SCRIPT_OUTPUT_FILE_0}\"\n";
			showEnvVarsInLog = 0;
		};
		C42C4DF8EC123DF4584F8E07 /* [CP] Embed Pods Frameworks */ = {
			isa = PBXShellScriptBuildPhase;
			buildActionMask = 2147483647;
			files = (
			);
			inputPaths = (
				"${PODS_ROOT}/Target Support Files/Pods-MoviesApp_IOS/Pods-MoviesApp_IOS-frameworks.sh",
				"${BUILT_PRODUCTS_DIR}/Alamofire/Alamofire.framework",
				"${BUILT_PRODUCTS_DIR}/SDWebImage/SDWebImage.framework",
				"${BUILT_PRODUCTS_DIR}/SwiftyJSON/SwiftyJSON.framework",
			);
			name = "[CP] Embed Pods Frameworks";
			outputPaths = (
				"${TARGET_BUILD_DIR}/${FRAMEWORKS_FOLDER_PATH}/Alamofire.framework",
				"${TARGET_BUILD_DIR}/${FRAMEWORKS_FOLDER_PATH}/SDWebImage.framework",
				"${TARGET_BUILD_DIR}/${FRAMEWORKS_FOLDER_PATH}/SwiftyJSON.framework",
			);
			runOnlyForDeploymentPostprocessing = 0;
			shellPath = /bin/sh;
			shellScript = "\"${PODS_ROOT}/Target Support Files/Pods-MoviesApp_IOS/Pods-MoviesApp_IOS-frameworks.sh\"\n";
			showEnvVarsInLog = 0;
		};
/* End PBXShellScriptBuildPhase section */

/* Begin PBXSourcesBuildPhase section */
		BA857DEA228990E90031AA0B /* Sources */ = {
			isa = PBXSourcesBuildPhase;
			buildActionMask = 2147483647;
			files = (
				BA04F8F122914389009A4EAB /* HomeCollectionViewCell.swift in Sources */,
				BA857DF4228990E90031AA0B /* DetailsViewController.swift in Sources */,
				BA857DF2228990E90031AA0B /* AppDelegate.swift in Sources */,
				BA5154C02290433400420DC1 /* HomeCollectionViewController_ExtensionDelegate.swift in Sources */,
				BA04F90422914FF1009A4EAB /* FavoriteCollectionViewCell.swift in Sources */,
				447986F52292E93C00B87375 /* DetailsDelegate.swift in Sources */,
				447986EC2292E22100B87375 /* HomeMovie.swift in Sources */,
				BA04F908229167F2009A4EAB /* HomePresenterDelegete.swift in Sources */,
				447986E82292E1BB00B87375 /* AccessData.swift in Sources */,
				BA04F90222914F98009A4EAB /* FavoriteCollectionViewController_ExtensionDelegate.swift in Sources */,
				447986F22292E90E00B87375 /* DetailsPresenter.swift in Sources */,
				BA04F90022914EC7009A4EAB /* FavoritePresenter.swift in Sources */,
				BA857DFA228990E90031AA0B /* MoviesApp_IOS.xcdatamodeld in Sources */,
				BA5154BC2290401400420DC1 /* HomePresenter.swift in Sources */,
				447986EA2292E1D700B87375 /* MyNetwork.swift in Sources */,
				BA537BE322928FDF00660B94 /* MyLaunchViewController.swift in Sources */,
				BA857E12228995DE0031AA0B /* HomeCollectionViewController.swift in Sources */,
				BA7461E422942CF200651671 /* ReviewTableViewCell.swift in Sources */,
				BA04F8FE22914E8C009A4EAB /* FavoriteDelegate.swift in Sources */,
				BA857E14228995F70031AA0B /* FavoriteCollectionViewController.swift in Sources */,
				BAEFEA58229305270092A078 /* (null) in Sources */,
				BA5154BE2290406000420DC1 /* HomeDelegate.swift in Sources */,
			);
			runOnlyForDeploymentPostprocessing = 0;
		};
/* End PBXSourcesBuildPhase section */

/* Begin PBXVariantGroup section */
		BA857DFD228990F20031AA0B /* LaunchScreen.storyboard */ = {
			isa = PBXVariantGroup;
			children = (
				BA857DFE228990F20031AA0B /* Base */,
			);
			name = LaunchScreen.storyboard;
			sourceTree = "<group>";
		};
		BA857E0A228992730031AA0B /* Main.storyboard */ = {
			isa = PBXVariantGroup;
			children = (
				BA857E0B228992730031AA0B /* Base */,
			);
			name = Main.storyboard;
			sourceTree = "<group>";
		};
/* End PBXVariantGroup section */

/* Begin XCBuildConfiguration section */
		BA857E01228990F20031AA0B /* Debug */ = {
			isa = XCBuildConfiguration;
			buildSettings = {
				ALWAYS_SEARCH_USER_PATHS = NO;
				CLANG_ANALYZER_NONNULL = YES;
				CLANG_ANALYZER_NUMBER_OBJECT_CONVERSION = YES_AGGRESSIVE;
				CLANG_CXX_LANGUAGE_STANDARD = "gnu++14";
				CLANG_CXX_LIBRARY = "libc++";
				CLANG_ENABLE_MODULES = YES;
				CLANG_ENABLE_OBJC_ARC = YES;
				CLANG_ENABLE_OBJC_WEAK = YES;
				CLANG_WARN_BLOCK_CAPTURE_AUTORELEASING = YES;
				CLANG_WARN_BOOL_CONVERSION = YES;
				CLANG_WARN_COMMA = YES;
				CLANG_WARN_CONSTANT_CONVERSION = YES;
				CLANG_WARN_DEPRECATED_OBJC_IMPLEMENTATIONS = YES;
				CLANG_WARN_DIRECT_OBJC_ISA_USAGE = YES_ERROR;
				CLANG_WARN_DOCUMENTATION_COMMENTS = YES;
				CLANG_WARN_EMPTY_BODY = YES;
				CLANG_WARN_ENUM_CONVERSION = YES;
				CLANG_WARN_INFINITE_RECURSION = YES;
				CLANG_WARN_INT_CONVERSION = YES;
				CLANG_WARN_NON_LITERAL_NULL_CONVERSION = YES;
				CLANG_WARN_OBJC_IMPLICIT_RETAIN_SELF = YES;
				CLANG_WARN_OBJC_LITERAL_CONVERSION = YES;
				CLANG_WARN_OBJC_ROOT_CLASS = YES_ERROR;
				CLANG_WARN_RANGE_LOOP_ANALYSIS = YES;
				CLANG_WARN_STRICT_PROTOTYPES = YES;
				CLANG_WARN_SUSPICIOUS_MOVE = YES;
				CLANG_WARN_UNGUARDED_AVAILABILITY = YES_AGGRESSIVE;
				CLANG_WARN_UNREACHABLE_CODE = YES;
				CLANG_WARN__DUPLICATE_METHOD_MATCH = YES;
				CODE_SIGN_IDENTITY = "iPhone Developer";
				COPY_PHASE_STRIP = NO;
				DEBUG_INFORMATION_FORMAT = dwarf;
				ENABLE_STRICT_OBJC_MSGSEND = YES;
				ENABLE_TESTABILITY = YES;
				GCC_C_LANGUAGE_STANDARD = gnu11;
				GCC_DYNAMIC_NO_PIC = NO;
				GCC_NO_COMMON_BLOCKS = YES;
				GCC_OPTIMIZATION_LEVEL = 0;
				GCC_PREPROCESSOR_DEFINITIONS = (
					"DEBUG=1",
					"$(inherited)",
				);
				GCC_WARN_64_TO_32_BIT_CONVERSION = YES;
				GCC_WARN_ABOUT_RETURN_TYPE = YES_ERROR;
				GCC_WARN_UNDECLARED_SELECTOR = YES;
				GCC_WARN_UNINITIALIZED_AUTOS = YES_AGGRESSIVE;
				GCC_WARN_UNUSED_FUNCTION = YES;
				GCC_WARN_UNUSED_VARIABLE = YES;
				IPHONEOS_DEPLOYMENT_TARGET = 11.3;
				MTL_ENABLE_DEBUG_INFO = YES;
				ONLY_ACTIVE_ARCH = YES;
				SDKROOT = iphoneos;
				SWIFT_ACTIVE_COMPILATION_CONDITIONS = DEBUG;
				SWIFT_OPTIMIZATION_LEVEL = "-Onone";
			};
			name = Debug;
		};
		BA857E02228990F20031AA0B /* Release */ = {
			isa = XCBuildConfiguration;
			buildSettings = {
				ALWAYS_SEARCH_USER_PATHS = NO;
				CLANG_ANALYZER_NONNULL = YES;
				CLANG_ANALYZER_NUMBER_OBJECT_CONVERSION = YES_AGGRESSIVE;
				CLANG_CXX_LANGUAGE_STANDARD = "gnu++14";
				CLANG_CXX_LIBRARY = "libc++";
				CLANG_ENABLE_MODULES = YES;
				CLANG_ENABLE_OBJC_ARC = YES;
				CLANG_ENABLE_OBJC_WEAK = YES;
				CLANG_WARN_BLOCK_CAPTURE_AUTORELEASING = YES;
				CLANG_WARN_BOOL_CONVERSION = YES;
				CLANG_WARN_COMMA = YES;
				CLANG_WARN_CONSTANT_CONVERSION = YES;
				CLANG_WARN_DEPRECATED_OBJC_IMPLEMENTATIONS = YES;
				CLANG_WARN_DIRECT_OBJC_ISA_USAGE = YES_ERROR;
				CLANG_WARN_DOCUMENTATION_COMMENTS = YES;
				CLANG_WARN_EMPTY_BODY = YES;
				CLANG_WARN_ENUM_CONVERSION = YES;
				CLANG_WARN_INFINITE_RECURSION = YES;
				CLANG_WARN_INT_CONVERSION = YES;
				CLANG_WARN_NON_LITERAL_NULL_CONVERSION = YES;
				CLANG_WARN_OBJC_IMPLICIT_RETAIN_SELF = YES;
				CLANG_WARN_OBJC_LITERAL_CONVERSION = YES;
				CLANG_WARN_OBJC_ROOT_CLASS = YES_ERROR;
				CLANG_WARN_RANGE_LOOP_ANALYSIS = YES;
				CLANG_WARN_STRICT_PROTOTYPES = YES;
				CLANG_WARN_SUSPICIOUS_MOVE = YES;
				CLANG_WARN_UNGUARDED_AVAILABILITY = YES_AGGRESSIVE;
				CLANG_WARN_UNREACHABLE_CODE = YES;
				CLANG_WARN__DUPLICATE_METHOD_MATCH = YES;
				CODE_SIGN_IDENTITY = "iPhone Developer";
				COPY_PHASE_STRIP = NO;
				DEBUG_INFORMATION_FORMAT = "dwarf-with-dsym";
				ENABLE_NS_ASSERTIONS = NO;
				ENABLE_STRICT_OBJC_MSGSEND = YES;
				GCC_C_LANGUAGE_STANDARD = gnu11;
				GCC_NO_COMMON_BLOCKS = YES;
				GCC_WARN_64_TO_32_BIT_CONVERSION = YES;
				GCC_WARN_ABOUT_RETURN_TYPE = YES_ERROR;
				GCC_WARN_UNDECLARED_SELECTOR = YES;
				GCC_WARN_UNINITIALIZED_AUTOS = YES_AGGRESSIVE;
				GCC_WARN_UNUSED_FUNCTION = YES;
				GCC_WARN_UNUSED_VARIABLE = YES;
				IPHONEOS_DEPLOYMENT_TARGET = 11.3;
				MTL_ENABLE_DEBUG_INFO = NO;
				SDKROOT = iphoneos;
				SWIFT_COMPILATION_MODE = wholemodule;
				SWIFT_OPTIMIZATION_LEVEL = "-O";
				VALIDATE_PRODUCT = YES;
			};
			name = Release;
		};
		BA857E04228990F20031AA0B /* Debug */ = {
			isa = XCBuildConfiguration;
			baseConfigurationReference = DF150A76BF21482771285A26 /* Pods-MoviesApp_IOS.debug.xcconfig */;
			buildSettings = {
				ASSETCATALOG_COMPILER_APPICON_NAME = AppIcon;
				CODE_SIGN_STYLE = Automatic;
				INFOPLIST_FILE = MoviesApp_IOS/Info.plist;
				LD_RUNPATH_SEARCH_PATHS = (
					"$(inherited)",
					"@executable_path/Frameworks",
				);
				PRODUCT_BUNDLE_IDENTIFIER = "jets.MoviesApp-IOS";
				PRODUCT_NAME = "$(TARGET_NAME)";
				SWIFT_VERSION = 4.0;
				TARGETED_DEVICE_FAMILY = "1,2";
			};
			name = Debug;
		};
		BA857E05228990F20031AA0B /* Release */ = {
			isa = XCBuildConfiguration;
			baseConfigurationReference = D974146482025F95EF096287 /* Pods-MoviesApp_IOS.release.xcconfig */;
			buildSettings = {
				ASSETCATALOG_COMPILER_APPICON_NAME = AppIcon;
				CODE_SIGN_STYLE = Automatic;
				INFOPLIST_FILE = MoviesApp_IOS/Info.plist;
				LD_RUNPATH_SEARCH_PATHS = (
					"$(inherited)",
					"@executable_path/Frameworks",
				);
				PRODUCT_BUNDLE_IDENTIFIER = "jets.MoviesApp-IOS";
				PRODUCT_NAME = "$(TARGET_NAME)";
				SWIFT_VERSION = 4.0;
				TARGETED_DEVICE_FAMILY = "1,2";
			};
			name = Release;
		};
/* End XCBuildConfiguration section */

/* Begin XCConfigurationList section */
		BA857DE9228990E90031AA0B /* Build configuration list for PBXProject "MoviesApp_IOS" */ = {
			isa = XCConfigurationList;
			buildConfigurations = (
				BA857E01228990F20031AA0B /* Debug */,
				BA857E02228990F20031AA0B /* Release */,
			);
			defaultConfigurationIsVisible = 0;
			defaultConfigurationName = Release;
		};
		BA857E03228990F20031AA0B /* Build configuration list for PBXNativeTarget "MoviesApp_IOS" */ = {
			isa = XCConfigurationList;
			buildConfigurations = (
				BA857E04228990F20031AA0B /* Debug */,
				BA857E05228990F20031AA0B /* Release */,
			);
			defaultConfigurationIsVisible = 0;
			defaultConfigurationName = Release;
		};
/* End XCConfigurationList section */

/* Begin XCVersionGroup section */
		BA857DF8228990E90031AA0B /* MoviesApp_IOS.xcdatamodeld */ = {
			isa = XCVersionGroup;
			children = (
				BA857DF9228990E90031AA0B /* MoviesApp_IOS.xcdatamodel */,
			);
			currentVersion = BA857DF9228990E90031AA0B /* MoviesApp_IOS.xcdatamodel */;
			path = MoviesApp_IOS.xcdatamodeld;
			sourceTree = "<group>";
			versionGroupType = wrapper.xcdatamodel;
		};
/* End XCVersionGroup section */
	};
	rootObject = BA857DE6228990E90031AA0B /* Project object */;
}
